// !$*UTF8*$!
{
	archiveVersion = 1;
	classes = {
	};
	objectVersion = 48;
	objects = {

/* Begin PBXBuildFile section */
		0081AD6A204FBFCE0051A38E /* TCMainViewController.swift in Sources */ = {isa = PBXBuildFile; fileRef = 0081AD69204FBFCE0051A38E /* TCMainViewController.swift */; };
		00C48B79204E969A00FE26F2 /* TCProfileCollectionViewCell.swift in Sources */ = {isa = PBXBuildFile; fileRef = 00C48B78204E969A00FE26F2 /* TCProfileCollectionViewCell.swift */; };
		00C48B7D204FB5AC00FE26F2 /* DrawerViewController.swift in Sources */ = {isa = PBXBuildFile; fileRef = 00C48B7C204FB5AC00FE26F2 /* DrawerViewController.swift */; };
		00D9FEDD2047D80700A4C596 /* Subject.swift in Sources */ = {isa = PBXBuildFile; fileRef = 00D9FEDC2047D80700A4C596 /* Subject.swift */; };
		00D9FEDF2048019000A4C596 /* Student.swift in Sources */ = {isa = PBXBuildFile; fileRef = 00D9FEDE2048019000A4C596 /* Student.swift */; };
		00D9FEE120480D4000A4C596 /* CustomCell.swift in Sources */ = {isa = PBXBuildFile; fileRef = 00D9FEE020480D4000A4C596 /* CustomCell.swift */; };
		4E3B2F5D204FC4BF002A4485 /* CreateStudentViewController.swift in Sources */ = {isa = PBXBuildFile; fileRef = 4E9D25E0204CFEDE000600DC /* CreateStudentViewController.swift */; };
		4E7641612047B9980051D42E /* SignUpViewController.swift in Sources */ = {isa = PBXBuildFile; fileRef = 4E7641602047B9970051D42E /* SignUpViewController.swift */; };
		4E7641632047F3850051D42E /* Extension.swift in Sources */ = {isa = PBXBuildFile; fileRef = 4E7641622047F3850051D42E /* Extension.swift */; };
		4E9D25DB204CF9C6000600DC /* TCSignUpViewController.swift in Sources */ = {isa = PBXBuildFile; fileRef = 4E9D25DA204CF9C6000600DC /* TCSignUpViewController.swift */; };
		4E9D25DD204CF9D6000600DC /* TCSignInViewController.swift in Sources */ = {isa = PBXBuildFile; fileRef = 4E9D25DC204CF9D6000600DC /* TCSignInViewController.swift */; };
		4E9D25DF204CFE4C000600DC /* TCDetail.storyboard in Resources */ = {isa = PBXBuildFile; fileRef = 4E9D25DE204CFE4C000600DC /* TCDetail.storyboard */; };
		4E9D2601204E816D000600DC /* AddSubjectViewController.swift in Sources */ = {isa = PBXBuildFile; fileRef = 4E9D2600204E816D000600DC /* AddSubjectViewController.swift */; };
		4E9D2603204E8E78000600DC /* TCProfileViewController.swift in Sources */ = {isa = PBXBuildFile; fileRef = 4E9D2602204E8E78000600DC /* TCProfileViewController.swift */; };
		4EADF14A204B9CD5009B5650 /* AttendanceViewController.swift in Sources */ = {isa = PBXBuildFile; fileRef = 4EADF149204B9CD5009B5650 /* AttendanceViewController.swift */; };
		4EADF14D204BDFE3009B5650 /* AttendanceTableViewCell.swift in Sources */ = {isa = PBXBuildFile; fileRef = 4EADF14B204BDFE3009B5650 /* AttendanceTableViewCell.swift */; };
		4EADF14E204BDFE3009B5650 /* AttendanceTableViewCell.xib in Resources */ = {isa = PBXBuildFile; fileRef = 4EADF14C204BDFE3009B5650 /* AttendanceTableViewCell.xib */; };
		4EF5AFC920490C86005BD48E /* Parents.swift in Sources */ = {isa = PBXBuildFile; fileRef = 4EF5AFC820490C86005BD48E /* Parents.swift */; };
		4EF5AFCD2049185D005BD48E /* SignInViewController.swift in Sources */ = {isa = PBXBuildFile; fileRef = 4EF5AFCC2049185D005BD48E /* SignInViewController.swift */; };
		4EF5AFD1204955E1005BD48E /* ResultTableViewCell.swift in Sources */ = {isa = PBXBuildFile; fileRef = 4EF5AFCF204955E1005BD48E /* ResultTableViewCell.swift */; };
		4EF5AFD2204955E1005BD48E /* ResultTableViewCell.xib in Resources */ = {isa = PBXBuildFile; fileRef = 4EF5AFD0204955E1005BD48E /* ResultTableViewCell.xib */; };
		4EF5AFD6204A8374005BD48E /* Result.swift in Sources */ = {isa = PBXBuildFile; fileRef = 4EF5AFD5204A8374005BD48E /* Result.swift */; };
		980EF4136E360A583630E097 /* Pods_TuitionApp.framework in Frameworks */ = {isa = PBXBuildFile; fileRef = ACC4DDBA3E00FA1DB08133D5 /* Pods_TuitionApp.framework */; };
		AA3C6DD0204F8E1D00DF6FA7 /* Notification.swift in Sources */ = {isa = PBXBuildFile; fileRef = AA3C6DCF204F8E1D00DF6FA7 /* Notification.swift */; };
		AA9C12D6204E3B44001B3676 /* SendNotificationViewController.swift in Sources */ = {isa = PBXBuildFile; fileRef = AA9C12D5204E3B44001B3676 /* SendNotificationViewController.swift */; };
		AABAD52120479DC20005FE5D /* AppDelegate.swift in Sources */ = {isa = PBXBuildFile; fileRef = AABAD52020479DC20005FE5D /* AppDelegate.swift */; };
		AABAD52620479DC20005FE5D /* Main.storyboard in Resources */ = {isa = PBXBuildFile; fileRef = AABAD52420479DC20005FE5D /* Main.storyboard */; };
		AABAD52820479DC20005FE5D /* Assets.xcassets in Resources */ = {isa = PBXBuildFile; fileRef = AABAD52720479DC20005FE5D /* Assets.xcassets */; };
		AABAD52B20479DC20005FE5D /* LaunchScreen.storyboard in Resources */ = {isa = PBXBuildFile; fileRef = AABAD52920479DC20005FE5D /* LaunchScreen.storyboard */; };
		AABAD5332047A23D0005FE5D /* GoogleService-Info.plist in Resources */ = {isa = PBXBuildFile; fileRef = AABAD5322047A23D0005FE5D /* GoogleService-Info.plist */; };
		AABAD5352047A81B0005FE5D /* Detail.storyboard in Resources */ = {isa = PBXBuildFile; fileRef = AABAD5342047A81B0005FE5D /* Detail.storyboard */; };
		AABAD5372047AA9C0005FE5D /* ProfileViewController.swift in Sources */ = {isa = PBXBuildFile; fileRef = AABAD5362047AA9C0005FE5D /* ProfileViewController.swift */; };
		AABAD5392047AADE0005FE5D /* NotificationViewController.swift in Sources */ = {isa = PBXBuildFile; fileRef = AABAD5382047AADE0005FE5D /* NotificationViewController.swift */; };
		AABAD53F2047AB0F0005FE5D /* ResultsViewController.swift in Sources */ = {isa = PBXBuildFile; fileRef = AABAD53E2047AB0F0005FE5D /* ResultsViewController.swift */; };
		AABAD5432047AD250005FE5D /* ProfileCollectionViewCell.swift in Sources */ = {isa = PBXBuildFile; fileRef = AABAD5422047AD250005FE5D /* ProfileCollectionViewCell.swift */; };
		AACDB9AA204949E7003B0E45 /* StudentViewController.swift in Sources */ = {isa = PBXBuildFile; fileRef = AACDB9A9204949E7003B0E45 /* StudentViewController.swift */; };
/* End PBXBuildFile section */

/* Begin PBXFileReference section */
		0081AD69204FBFCE0051A38E /* TCMainViewController.swift */ = {isa = PBXFileReference; lastKnownFileType = sourcecode.swift; path = TCMainViewController.swift; sourceTree = "<group>"; };
		00C48B78204E969A00FE26F2 /* TCProfileCollectionViewCell.swift */ = {isa = PBXFileReference; lastKnownFileType = sourcecode.swift; path = TCProfileCollectionViewCell.swift; sourceTree = "<group>"; };
		00C48B7C204FB5AC00FE26F2 /* DrawerViewController.swift */ = {isa = PBXFileReference; lastKnownFileType = sourcecode.swift; path = DrawerViewController.swift; sourceTree = "<group>"; };
		00D9FEDC2047D80700A4C596 /* Subject.swift */ = {isa = PBXFileReference; lastKnownFileType = sourcecode.swift; path = Subject.swift; sourceTree = "<group>"; };
		00D9FEDE2048019000A4C596 /* Student.swift */ = {isa = PBXFileReference; lastKnownFileType = sourcecode.swift; path = Student.swift; sourceTree = "<group>"; };
		00D9FEE020480D4000A4C596 /* CustomCell.swift */ = {isa = PBXFileReference; lastKnownFileType = sourcecode.swift; path = CustomCell.swift; sourceTree = "<group>"; };
		1C112D36712946D5494F8A17 /* Pods-TuitionApp.debug.xcconfig */ = {isa = PBXFileReference; includeInIndex = 1; lastKnownFileType = text.xcconfig; name = "Pods-TuitionApp.debug.xcconfig"; path = "Pods/Target Support Files/Pods-TuitionApp/Pods-TuitionApp.debug.xcconfig"; sourceTree = "<group>"; };
		4E7641602047B9970051D42E /* SignUpViewController.swift */ = {isa = PBXFileReference; lastKnownFileType = sourcecode.swift; path = SignUpViewController.swift; sourceTree = "<group>"; };
		4E7641622047F3850051D42E /* Extension.swift */ = {isa = PBXFileReference; lastKnownFileType = sourcecode.swift; path = Extension.swift; sourceTree = "<group>"; };
		4E9D25DA204CF9C6000600DC /* TCSignUpViewController.swift */ = {isa = PBXFileReference; lastKnownFileType = sourcecode.swift; path = TCSignUpViewController.swift; sourceTree = "<group>"; };
		4E9D25DC204CF9D6000600DC /* TCSignInViewController.swift */ = {isa = PBXFileReference; lastKnownFileType = sourcecode.swift; path = TCSignInViewController.swift; sourceTree = "<group>"; };
		4E9D25DE204CFE4C000600DC /* TCDetail.storyboard */ = {isa = PBXFileReference; lastKnownFileType = file.storyboard; path = TCDetail.storyboard; sourceTree = "<group>"; };
		4E9D25E0204CFEDE000600DC /* CreateStudentViewController.swift */ = {isa = PBXFileReference; lastKnownFileType = sourcecode.swift; path = CreateStudentViewController.swift; sourceTree = "<group>"; };
		4E9D2600204E816D000600DC /* AddSubjectViewController.swift */ = {isa = PBXFileReference; lastKnownFileType = sourcecode.swift; path = AddSubjectViewController.swift; sourceTree = "<group>"; };
		4E9D2602204E8E78000600DC /* TCProfileViewController.swift */ = {isa = PBXFileReference; lastKnownFileType = sourcecode.swift; path = TCProfileViewController.swift; sourceTree = "<group>"; };
		4EADF149204B9CD5009B5650 /* AttendanceViewController.swift */ = {isa = PBXFileReference; lastKnownFileType = sourcecode.swift; path = AttendanceViewController.swift; sourceTree = "<group>"; };
		4EADF14B204BDFE3009B5650 /* AttendanceTableViewCell.swift */ = {isa = PBXFileReference; lastKnownFileType = sourcecode.swift; path = AttendanceTableViewCell.swift; sourceTree = "<group>"; };
		4EADF14C204BDFE3009B5650 /* AttendanceTableViewCell.xib */ = {isa = PBXFileReference; lastKnownFileType = file.xib; path = AttendanceTableViewCell.xib; sourceTree = "<group>"; };
		4EF5AFC820490C86005BD48E /* Parents.swift */ = {isa = PBXFileReference; lastKnownFileType = sourcecode.swift; path = Parents.swift; sourceTree = "<group>"; };
		4EF5AFCC2049185D005BD48E /* SignInViewController.swift */ = {isa = PBXFileReference; lastKnownFileType = sourcecode.swift; path = SignInViewController.swift; sourceTree = "<group>"; };
		4EF5AFCF204955E1005BD48E /* ResultTableViewCell.swift */ = {isa = PBXFileReference; lastKnownFileType = sourcecode.swift; path = ResultTableViewCell.swift; sourceTree = "<group>"; };
		4EF5AFD0204955E1005BD48E /* ResultTableViewCell.xib */ = {isa = PBXFileReference; lastKnownFileType = file.xib; path = ResultTableViewCell.xib; sourceTree = "<group>"; };
		4EF5AFD5204A8374005BD48E /* Result.swift */ = {isa = PBXFileReference; lastKnownFileType = sourcecode.swift; path = Result.swift; sourceTree = "<group>"; };
		AA3C6DCF204F8E1D00DF6FA7 /* Notification.swift */ = {isa = PBXFileReference; lastKnownFileType = sourcecode.swift; path = Notification.swift; sourceTree = "<group>"; };
		AA9C12D5204E3B44001B3676 /* SendNotificationViewController.swift */ = {isa = PBXFileReference; lastKnownFileType = sourcecode.swift; path = SendNotificationViewController.swift; sourceTree = "<group>"; };
		AABAD51D20479DC20005FE5D /* TuitionApp.app */ = {isa = PBXFileReference; explicitFileType = wrapper.application; includeInIndex = 0; path = TuitionApp.app; sourceTree = BUILT_PRODUCTS_DIR; };
		AABAD52020479DC20005FE5D /* AppDelegate.swift */ = {isa = PBXFileReference; lastKnownFileType = sourcecode.swift; path = AppDelegate.swift; sourceTree = "<group>"; };
		AABAD52520479DC20005FE5D /* Base */ = {isa = PBXFileReference; lastKnownFileType = file.storyboard; name = Base; path = Base.lproj/Main.storyboard; sourceTree = "<group>"; };
		AABAD52720479DC20005FE5D /* Assets.xcassets */ = {isa = PBXFileReference; lastKnownFileType = folder.assetcatalog; path = Assets.xcassets; sourceTree = "<group>"; };
		AABAD52A20479DC20005FE5D /* Base */ = {isa = PBXFileReference; lastKnownFileType = file.storyboard; name = Base; path = Base.lproj/LaunchScreen.storyboard; sourceTree = "<group>"; };
		AABAD52C20479DC20005FE5D /* Info.plist */ = {isa = PBXFileReference; lastKnownFileType = text.plist.xml; path = Info.plist; sourceTree = "<group>"; };
		AABAD5322047A23D0005FE5D /* GoogleService-Info.plist */ = {isa = PBXFileReference; fileEncoding = 4; lastKnownFileType = text.plist.xml; path = "GoogleService-Info.plist"; sourceTree = "<group>"; };
		AABAD5342047A81B0005FE5D /* Detail.storyboard */ = {isa = PBXFileReference; lastKnownFileType = file.storyboard; path = Detail.storyboard; sourceTree = "<group>"; };
		AABAD5362047AA9C0005FE5D /* ProfileViewController.swift */ = {isa = PBXFileReference; lastKnownFileType = sourcecode.swift; path = ProfileViewController.swift; sourceTree = "<group>"; };
		AABAD5382047AADE0005FE5D /* NotificationViewController.swift */ = {isa = PBXFileReference; lastKnownFileType = sourcecode.swift; path = NotificationViewController.swift; sourceTree = "<group>"; };
		AABAD53E2047AB0F0005FE5D /* ResultsViewController.swift */ = {isa = PBXFileReference; lastKnownFileType = sourcecode.swift; path = ResultsViewController.swift; sourceTree = "<group>"; };
		AABAD5422047AD250005FE5D /* ProfileCollectionViewCell.swift */ = {isa = PBXFileReference; lastKnownFileType = sourcecode.swift; path = ProfileCollectionViewCell.swift; sourceTree = "<group>"; };
		AACDB9A9204949E7003B0E45 /* StudentViewController.swift */ = {isa = PBXFileReference; lastKnownFileType = sourcecode.swift; path = StudentViewController.swift; sourceTree = "<group>"; };
		ACC4DDBA3E00FA1DB08133D5 /* Pods_TuitionApp.framework */ = {isa = PBXFileReference; explicitFileType = wrapper.framework; includeInIndex = 0; path = Pods_TuitionApp.framework; sourceTree = BUILT_PRODUCTS_DIR; };
		F32D36A3EE713C044BB1E531 /* Pods-TuitionApp.release.xcconfig */ = {isa = PBXFileReference; includeInIndex = 1; lastKnownFileType = text.xcconfig; name = "Pods-TuitionApp.release.xcconfig"; path = "Pods/Target Support Files/Pods-TuitionApp/Pods-TuitionApp.release.xcconfig"; sourceTree = "<group>"; };
/* End PBXFileReference section */

/* Begin PBXFrameworksBuildPhase section */
		AABAD51A20479DC20005FE5D /* Frameworks */ = {
			isa = PBXFrameworksBuildPhase;
			buildActionMask = 2147483647;
			files = (
				980EF4136E360A583630E097 /* Pods_TuitionApp.framework in Frameworks */,
			);
			runOnlyForDeploymentPostprocessing = 0;
		};
/* End PBXFrameworksBuildPhase section */

/* Begin PBXGroup section */
		00C48B75204E92C100FE26F2 /* TuitionCentreVC */ = {
			isa = PBXGroup;
			children = (
				4E9D25DA204CF9C6000600DC /* TCSignUpViewController.swift */,
				4E9D25DC204CF9D6000600DC /* TCSignInViewController.swift */,
				4E9D25DE204CFE4C000600DC /* TCDetail.storyboard */,
				0081AD69204FBFCE0051A38E /* TCMainViewController.swift */,
				00C48B7C204FB5AC00FE26F2 /* DrawerViewController.swift */,
				00C48B78204E969A00FE26F2 /* TCProfileCollectionViewCell.swift */,
				4E9D2602204E8E78000600DC /* TCProfileViewController.swift */,
				4E9D25E0204CFEDE000600DC /* CreateStudentViewController.swift */,
				4E9D2600204E816D000600DC /* AddSubjectViewController.swift */,
				AA9C12D5204E3B44001B3676 /* SendNotificationViewController.swift */,
			);
			path = TuitionCentreVC;
			sourceTree = "<group>";
		};
		00C48B76204E92F300FE26F2 /* ParentsVC */ = {
			isa = PBXGroup;
			children = (
				AABAD5342047A81B0005FE5D /* Detail.storyboard */,
				4E7641602047B9970051D42E /* SignUpViewController.swift */,
				4EF5AFCC2049185D005BD48E /* SignInViewController.swift */,
				AACDB9A9204949E7003B0E45 /* StudentViewController.swift */,
				AABAD5362047AA9C0005FE5D /* ProfileViewController.swift */,
				AABAD5422047AD250005FE5D /* ProfileCollectionViewCell.swift */,
				AABAD5382047AADE0005FE5D /* NotificationViewController.swift */,
				4EF5AFC820490C86005BD48E /* Parents.swift */,
				00D9FEDE2048019000A4C596 /* Student.swift */,
				4EF5AFD5204A8374005BD48E /* Result.swift */,
				AA3C6DCF204F8E1D00DF6FA7 /* Notification.swift */,
				00D9FEDC2047D80700A4C596 /* Subject.swift */,
				AABAD53E2047AB0F0005FE5D /* ResultsViewController.swift */,
				4EF5AFCF204955E1005BD48E /* ResultTableViewCell.swift */,
				4EF5AFD0204955E1005BD48E /* ResultTableViewCell.xib */,
				00C48B77204E933C00FE26F2 /* Calendar */,
			);
			path = ParentsVC;
			sourceTree = "<group>";
		};
		00C48B77204E933C00FE26F2 /* Calendar */ = {
			isa = PBXGroup;
			children = (
				00D9FEE020480D4000A4C596 /* CustomCell.swift */,
			);
			path = Calendar;
			sourceTree = "<group>";
		};
		2F9826CC4A63C6BDCCDC67BD /* Frameworks */ = {
			isa = PBXGroup;
			children = (
				ACC4DDBA3E00FA1DB08133D5 /* Pods_TuitionApp.framework */,
			);
			name = Frameworks;
			sourceTree = "<group>";
		};
		61740C41FFAD07B83FE80402 /* Pods */ = {
			isa = PBXGroup;
			children = (
				1C112D36712946D5494F8A17 /* Pods-TuitionApp.debug.xcconfig */,
				F32D36A3EE713C044BB1E531 /* Pods-TuitionApp.release.xcconfig */,
			);
			name = Pods;
			sourceTree = "<group>";
		};
		AABAD51420479DC20005FE5D = {
			isa = PBXGroup;
			children = (
				AABAD51F20479DC20005FE5D /* TuitionApp */,
				AABAD51E20479DC20005FE5D /* Products */,
				61740C41FFAD07B83FE80402 /* Pods */,
				2F9826CC4A63C6BDCCDC67BD /* Frameworks */,
			);
			sourceTree = "<group>";
		};
		AABAD51E20479DC20005FE5D /* Products */ = {
			isa = PBXGroup;
			children = (
				AABAD51D20479DC20005FE5D /* TuitionApp.app */,
			);
			name = Products;
			sourceTree = "<group>";
		};
		AABAD51F20479DC20005FE5D /* TuitionApp */ = {
			isa = PBXGroup;
			children = (
				AABAD52020479DC20005FE5D /* AppDelegate.swift */,
				AABAD52420479DC20005FE5D /* Main.storyboard */,
				4E7641622047F3850051D42E /* Extension.swift */,
				4EADF149204B9CD5009B5650 /* AttendanceViewController.swift */,
				4EADF14B204BDFE3009B5650 /* AttendanceTableViewCell.swift */,
				4EADF14C204BDFE3009B5650 /* AttendanceTableViewCell.xib */,
				AABAD52720479DC20005FE5D /* Assets.xcassets */,
				AABAD52920479DC20005FE5D /* LaunchScreen.storyboard */,
				AABAD52C20479DC20005FE5D /* Info.plist */,
				AABAD5322047A23D0005FE5D /* GoogleService-Info.plist */,
				00C48B76204E92F300FE26F2 /* ParentsVC */,
				00C48B75204E92C100FE26F2 /* TuitionCentreVC */,
			);
			path = TuitionApp;
			sourceTree = "<group>";
		};
/* End PBXGroup section */

/* Begin PBXNativeTarget section */
		AABAD51C20479DC20005FE5D /* TuitionApp */ = {
			isa = PBXNativeTarget;
			buildConfigurationList = AABAD52F20479DC20005FE5D /* Build configuration list for PBXNativeTarget "TuitionApp" */;
			buildPhases = (
				C38F6169BFE0DC091F8BFED3 /* [CP] Check Pods Manifest.lock */,
				AABAD51920479DC20005FE5D /* Sources */,
				AABAD51A20479DC20005FE5D /* Frameworks */,
				AABAD51B20479DC20005FE5D /* Resources */,
				17618C88FEB0FDA782D1C66B /* [CP] Embed Pods Frameworks */,
				F638FC7FDD2CB2217E275EF4 /* [CP] Copy Pods Resources */,
			);
			buildRules = (
			);
			dependencies = (
			);
			name = TuitionApp;
			productName = TuitionApp;
			productReference = AABAD51D20479DC20005FE5D /* TuitionApp.app */;
			productType = "com.apple.product-type.application";
		};
/* End PBXNativeTarget section */

/* Begin PBXProject section */
		AABAD51520479DC20005FE5D /* Project object */ = {
			isa = PBXProject;
			attributes = {
				LastSwiftUpdateCheck = 0920;
				LastUpgradeCheck = 0920;
				ORGANIZATIONNAME = "Ban Er Win";
				TargetAttributes = {
					AABAD51C20479DC20005FE5D = {
						CreatedOnToolsVersion = 9.2;
						ProvisioningStyle = Automatic;
					};
				};
			};
			buildConfigurationList = AABAD51820479DC20005FE5D /* Build configuration list for PBXProject "TuitionApp" */;
			compatibilityVersion = "Xcode 8.0";
			developmentRegion = en;
			hasScannedForEncodings = 0;
			knownRegions = (
				en,
				Base,
			);
			mainGroup = AABAD51420479DC20005FE5D;
			productRefGroup = AABAD51E20479DC20005FE5D /* Products */;
			projectDirPath = "";
			projectRoot = "";
			targets = (
				AABAD51C20479DC20005FE5D /* TuitionApp */,
			);
		};
/* End PBXProject section */

/* Begin PBXResourcesBuildPhase section */
		AABAD51B20479DC20005FE5D /* Resources */ = {
			isa = PBXResourcesBuildPhase;
			buildActionMask = 2147483647;
			files = (
				AABAD52B20479DC20005FE5D /* LaunchScreen.storyboard in Resources */,
				AABAD5332047A23D0005FE5D /* GoogleService-Info.plist in Resources */,
				4EF5AFD2204955E1005BD48E /* ResultTableViewCell.xib in Resources */,
				AABAD52820479DC20005FE5D /* Assets.xcassets in Resources */,
				4E9D25DF204CFE4C000600DC /* TCDetail.storyboard in Resources */,
				4EADF14E204BDFE3009B5650 /* AttendanceTableViewCell.xib in Resources */,
				AABAD5352047A81B0005FE5D /* Detail.storyboard in Resources */,
				AABAD52620479DC20005FE5D /* Main.storyboard in Resources */,
			);
			runOnlyForDeploymentPostprocessing = 0;
		};
/* End PBXResourcesBuildPhase section */

/* Begin PBXShellScriptBuildPhase section */
		17618C88FEB0FDA782D1C66B /* [CP] Embed Pods Frameworks */ = {
			isa = PBXShellScriptBuildPhase;
			buildActionMask = 2147483647;
			files = (
			);
			inputPaths = (
				"${SRCROOT}/Pods/Target Support Files/Pods-TuitionApp/Pods-TuitionApp-frameworks.sh",
				"${BUILT_PRODUCTS_DIR}/GTMSessionFetcher/GTMSessionFetcher.framework",
				"${BUILT_PRODUCTS_DIR}/GoogleToolboxForMac/GoogleToolboxForMac.framework",
				"${BUILT_PRODUCTS_DIR}/JTAppleCalendar/JTAppleCalendar.framework",
				"${BUILT_PRODUCTS_DIR}/KYDrawerController/KYDrawerController.framework",
				"${BUILT_PRODUCTS_DIR}/PieCharts/PieCharts.framework",
				"${BUILT_PRODUCTS_DIR}/Protobuf/Protobuf.framework",
				"${BUILT_PRODUCTS_DIR}/SwiftCharts/SwiftCharts.framework",
				"${BUILT_PRODUCTS_DIR}/leveldb-library/leveldb.framework",
				"${BUILT_PRODUCTS_DIR}/nanopb/nanopb.framework",
			);
			name = "[CP] Embed Pods Frameworks";
			outputPaths = (
				"${TARGET_BUILD_DIR}/${FRAMEWORKS_FOLDER_PATH}/GTMSessionFetcher.framework",
				"${TARGET_BUILD_DIR}/${FRAMEWORKS_FOLDER_PATH}/GoogleToolboxForMac.framework",
				"${TARGET_BUILD_DIR}/${FRAMEWORKS_FOLDER_PATH}/JTAppleCalendar.framework",
				"${TARGET_BUILD_DIR}/${FRAMEWORKS_FOLDER_PATH}/KYDrawerController.framework",
				"${TARGET_BUILD_DIR}/${FRAMEWORKS_FOLDER_PATH}/PieCharts.framework",
				"${TARGET_BUILD_DIR}/${FRAMEWORKS_FOLDER_PATH}/Protobuf.framework",
				"${TARGET_BUILD_DIR}/${FRAMEWORKS_FOLDER_PATH}/SwiftCharts.framework",
				"${TARGET_BUILD_DIR}/${FRAMEWORKS_FOLDER_PATH}/leveldb.framework",
				"${TARGET_BUILD_DIR}/${FRAMEWORKS_FOLDER_PATH}/nanopb.framework",
			);
			runOnlyForDeploymentPostprocessing = 0;
			shellPath = /bin/sh;
			shellScript = "\"${SRCROOT}/Pods/Target Support Files/Pods-TuitionApp/Pods-TuitionApp-frameworks.sh\"\n";
			showEnvVarsInLog = 0;
		};
		C38F6169BFE0DC091F8BFED3 /* [CP] Check Pods Manifest.lock */ = {
			isa = PBXShellScriptBuildPhase;
			buildActionMask = 2147483647;
			files = (
			);
			inputPaths = (
				"${PODS_PODFILE_DIR_PATH}/Podfile.lock",
				"${PODS_ROOT}/Manifest.lock",
			);
			name = "[CP] Check Pods Manifest.lock";
			outputPaths = (
				"$(DERIVED_FILE_DIR)/Pods-TuitionApp-checkManifestLockResult.txt",
			);
			runOnlyForDeploymentPostprocessing = 0;
			shellPath = /bin/sh;
			shellScript = "diff \"${PODS_PODFILE_DIR_PATH}/Podfile.lock\" \"${PODS_ROOT}/Manifest.lock\" > /dev/null\nif [ $? != 0 ] ; then\n    # print error to STDERR\n    echo \"error: The sandbox is not in sync with the Podfile.lock. Run 'pod install' or update your CocoaPods installation.\" >&2\n    exit 1\nfi\n# This output is used by Xcode 'outputs' to avoid re-running this script phase.\necho \"SUCCESS\" > \"${SCRIPT_OUTPUT_FILE_0}\"\n";
			showEnvVarsInLog = 0;
		};
		F638FC7FDD2CB2217E275EF4 /* [CP] Copy Pods Resources */ = {
			isa = PBXShellScriptBuildPhase;
			buildActionMask = 2147483647;
			files = (
			);
			inputPaths = (
			);
			name = "[CP] Copy Pods Resources";
			outputPaths = (
			);
			runOnlyForDeploymentPostprocessing = 0;
			shellPath = /bin/sh;
			shellScript = "\"${SRCROOT}/Pods/Target Support Files/Pods-TuitionApp/Pods-TuitionApp-resources.sh\"\n";
			showEnvVarsInLog = 0;
		};
/* End PBXShellScriptBuildPhase section */

/* Begin PBXSourcesBuildPhase section */
		AABAD51920479DC20005FE5D /* Sources */ = {
			isa = PBXSourcesBuildPhase;
			buildActionMask = 2147483647;
			files = (
				4E3B2F5D204FC4BF002A4485 /* CreateStudentViewController.swift in Sources */,
				AACDB9AA204949E7003B0E45 /* StudentViewController.swift in Sources */,
				4EADF14D204BDFE3009B5650 /* AttendanceTableViewCell.swift in Sources */,
				AABAD5372047AA9C0005FE5D /* ProfileViewController.swift in Sources */,
				4E9D25DB204CF9C6000600DC /* TCSignUpViewController.swift in Sources */,
				AABAD5432047AD250005FE5D /* ProfileCollectionViewCell.swift in Sources */,
				0081AD6A204FBFCE0051A38E /* TCMainViewController.swift in Sources */,
				4E7641612047B9980051D42E /* SignUpViewController.swift in Sources */,
				00D9FEDF2048019000A4C596 /* Student.swift in Sources */,
				4EF5AFD6204A8374005BD48E /* Result.swift in Sources */,
				AABAD53F2047AB0F0005FE5D /* ResultsViewController.swift in Sources */,
				4E9D25DD204CF9D6000600DC /* TCSignInViewController.swift in Sources */,
				4EF5AFCD2049185D005BD48E /* SignInViewController.swift in Sources */,
				00D9FEDD2047D80700A4C596 /* Subject.swift in Sources */,
				4EF5AFC920490C86005BD48E /* Parents.swift in Sources */,
				00C48B79204E969A00FE26F2 /* TCProfileCollectionViewCell.swift in Sources */,
				00C48B7D204FB5AC00FE26F2 /* DrawerViewController.swift in Sources */,
				AA9C12D6204E3B44001B3676 /* SendNotificationViewController.swift in Sources */,
				4E9D2601204E816D000600DC /* AddSubjectViewController.swift in Sources */,
				AABAD5392047AADE0005FE5D /* NotificationViewController.swift in Sources */,
				AABAD52120479DC20005FE5D /* AppDelegate.swift in Sources */,
				AA3C6DD0204F8E1D00DF6FA7 /* Notification.swift in Sources */,
				00D9FEE120480D4000A4C596 /* CustomCell.swift in Sources */,
				4EF5AFD1204955E1005BD48E /* ResultTableViewCell.swift in Sources */,
				4E7641632047F3850051D42E /* Extension.swift in Sources */,
				4EADF14A204B9CD5009B5650 /* AttendanceViewController.swift in Sources */,
				4E9D2603204E8E78000600DC /* TCProfileViewController.swift in Sources */,
			);
			runOnlyForDeploymentPostprocessing = 0;
		};
/* End PBXSourcesBuildPhase section */

/* Begin PBXVariantGroup section */
		AABAD52420479DC20005FE5D /* Main.storyboard */ = {
			isa = PBXVariantGroup;
			children = (
				AABAD52520479DC20005FE5D /* Base */,
			);
			name = Main.storyboard;
			sourceTree = "<group>";
		};
		AABAD52920479DC20005FE5D /* LaunchScreen.storyboard */ = {
			isa = PBXVariantGroup;
			children = (
				AABAD52A20479DC20005FE5D /* Base */,
			);
			name = LaunchScreen.storyboard;
			sourceTree = "<group>";
		};
/* End PBXVariantGroup section */

/* Begin XCBuildConfiguration section */
		AABAD52D20479DC20005FE5D /* Debug */ = {
			isa = XCBuildConfiguration;
			buildSettings = {
				ALWAYS_SEARCH_USER_PATHS = NO;
				CLANG_ANALYZER_NONNULL = YES;
				CLANG_ANALYZER_NUMBER_OBJECT_CONVERSION = YES_AGGRESSIVE;
				CLANG_CXX_LANGUAGE_STANDARD = "gnu++14";
				CLANG_CXX_LIBRARY = "libc++";
				CLANG_ENABLE_MODULES = YES;
				CLANG_ENABLE_OBJC_ARC = YES;
				CLANG_WARN_BLOCK_CAPTURE_AUTORELEASING = YES;
				CLANG_WARN_BOOL_CONVERSION = YES;
				CLANG_WARN_COMMA = YES;
				CLANG_WARN_CONSTANT_CONVERSION = YES;
				CLANG_WARN_DIRECT_OBJC_ISA_USAGE = YES_ERROR;
				CLANG_WARN_DOCUMENTATION_COMMENTS = YES;
				CLANG_WARN_EMPTY_BODY = YES;
				CLANG_WARN_ENUM_CONVERSION = YES;
				CLANG_WARN_INFINITE_RECURSION = YES;
				CLANG_WARN_INT_CONVERSION = YES;
				CLANG_WARN_NON_LITERAL_NULL_CONVERSION = YES;
				CLANG_WARN_OBJC_LITERAL_CONVERSION = YES;
				CLANG_WARN_OBJC_ROOT_CLASS = YES_ERROR;
				CLANG_WARN_RANGE_LOOP_ANALYSIS = YES;
				CLANG_WARN_STRICT_PROTOTYPES = YES;
				CLANG_WARN_SUSPICIOUS_MOVE = YES;
				CLANG_WARN_UNGUARDED_AVAILABILITY = YES_AGGRESSIVE;
				CLANG_WARN_UNREACHABLE_CODE = YES;
				CLANG_WARN__DUPLICATE_METHOD_MATCH = YES;
				CODE_SIGN_IDENTITY = "iPhone Developer";
				COPY_PHASE_STRIP = NO;
				DEBUG_INFORMATION_FORMAT = dwarf;
				ENABLE_STRICT_OBJC_MSGSEND = YES;
				ENABLE_TESTABILITY = YES;
				GCC_C_LANGUAGE_STANDARD = gnu11;
				GCC_DYNAMIC_NO_PIC = NO;
				GCC_NO_COMMON_BLOCKS = YES;
				GCC_OPTIMIZATION_LEVEL = 0;
				GCC_PREPROCESSOR_DEFINITIONS = (
					"DEBUG=1",
					"$(inherited)",
				);
				GCC_WARN_64_TO_32_BIT_CONVERSION = YES;
				GCC_WARN_ABOUT_RETURN_TYPE = YES_ERROR;
				GCC_WARN_UNDECLARED_SELECTOR = YES;
				GCC_WARN_UNINITIALIZED_AUTOS = YES_AGGRESSIVE;
				GCC_WARN_UNUSED_FUNCTION = YES;
				GCC_WARN_UNUSED_VARIABLE = YES;
				IPHONEOS_DEPLOYMENT_TARGET = 11.2;
				MTL_ENABLE_DEBUG_INFO = YES;
				ONLY_ACTIVE_ARCH = YES;
				SDKROOT = iphoneos;
				SWIFT_ACTIVE_COMPILATION_CONDITIONS = DEBUG;
				SWIFT_OPTIMIZATION_LEVEL = "-Onone";
			};
			name = Debug;
		};
		AABAD52E20479DC20005FE5D /* Release */ = {
			isa = XCBuildConfiguration;
			buildSettings = {
				ALWAYS_SEARCH_USER_PATHS = NO;
				CLANG_ANALYZER_NONNULL = YES;
				CLANG_ANALYZER_NUMBER_OBJECT_CONVERSION = YES_AGGRESSIVE;
				CLANG_CXX_LANGUAGE_STANDARD = "gnu++14";
				CLANG_CXX_LIBRARY = "libc++";
				CLANG_ENABLE_MODULES = YES;
				CLANG_ENABLE_OBJC_ARC = YES;
				CLANG_WARN_BLOCK_CAPTURE_AUTORELEASING = YES;
				CLANG_WARN_BOOL_CONVERSION = YES;
				CLANG_WARN_COMMA = YES;
				CLANG_WARN_CONSTANT_CONVERSION = YES;
				CLANG_WARN_DIRECT_OBJC_ISA_USAGE = YES_ERROR;
				CLANG_WARN_DOCUMENTATION_COMMENTS = YES;
				CLANG_WARN_EMPTY_BODY = YES;
				CLANG_WARN_ENUM_CONVERSION = YES;
				CLANG_WARN_INFINITE_RECURSION = YES;
				CLANG_WARN_INT_CONVERSION = YES;
				CLANG_WARN_NON_LITERAL_NULL_CONVERSION = YES;
				CLANG_WARN_OBJC_LITERAL_CONVERSION = YES;
				CLANG_WARN_OBJC_ROOT_CLASS = YES_ERROR;
				CLANG_WARN_RANGE_LOOP_ANALYSIS = YES;
				CLANG_WARN_STRICT_PROTOTYPES = YES;
				CLANG_WARN_SUSPICIOUS_MOVE = YES;
				CLANG_WARN_UNGUARDED_AVAILABILITY = YES_AGGRESSIVE;
				CLANG_WARN_UNREACHABLE_CODE = YES;
				CLANG_WARN__DUPLICATE_METHOD_MATCH = YES;
				CODE_SIGN_IDENTITY = "iPhone Developer";
				COPY_PHASE_STRIP = NO;
				DEBUG_INFORMATION_FORMAT = "dwarf-with-dsym";
				ENABLE_NS_ASSERTIONS = NO;
				ENABLE_STRICT_OBJC_MSGSEND = YES;
				GCC_C_LANGUAGE_STANDARD = gnu11;
				GCC_NO_COMMON_BLOCKS = YES;
				GCC_WARN_64_TO_32_BIT_CONVERSION = YES;
				GCC_WARN_ABOUT_RETURN_TYPE = YES_ERROR;
				GCC_WARN_UNDECLARED_SELECTOR = YES;
				GCC_WARN_UNINITIALIZED_AUTOS = YES_AGGRESSIVE;
				GCC_WARN_UNUSED_FUNCTION = YES;
				GCC_WARN_UNUSED_VARIABLE = YES;
				IPHONEOS_DEPLOYMENT_TARGET = 11.2;
				MTL_ENABLE_DEBUG_INFO = NO;
				SDKROOT = iphoneos;
				SWIFT_OPTIMIZATION_LEVEL = "-Owholemodule";
				VALIDATE_PRODUCT = YES;
			};
			name = Release;
		};
		AABAD53020479DC20005FE5D /* Debug */ = {
			isa = XCBuildConfiguration;
			baseConfigurationReference = 1C112D36712946D5494F8A17 /* Pods-TuitionApp.debug.xcconfig */;
			buildSettings = {
				ASSETCATALOG_COMPILER_APPICON_NAME = AppIcon;
				CODE_SIGN_STYLE = Automatic;
				DEVELOPMENT_TEAM = "";
				INFOPLIST_FILE = TuitionApp/Info.plist;
				LD_RUNPATH_SEARCH_PATHS = "$(inherited) @executable_path/Frameworks";
				PRODUCT_BUNDLE_IDENTIFIER = com.NextAcademy.TuitionApp;
				PRODUCT_NAME = "$(TARGET_NAME)";
				SWIFT_VERSION = 4.0;
				TARGETED_DEVICE_FAMILY = "1,2";
			};
			name = Debug;
		};
		AABAD53120479DC20005FE5D /* Release */ = {
			isa = XCBuildConfiguration;
			baseConfigurationReference = F32D36A3EE713C044BB1E531 /* Pods-TuitionApp.release.xcconfig */;
			buildSettings = {
				ASSETCATALOG_COMPILER_APPICON_NAME = AppIcon;
				CODE_SIGN_STYLE = Automatic;
				DEVELOPMENT_TEAM = "";
				INFOPLIST_FILE = TuitionApp/Info.plist;
				LD_RUNPATH_SEARCH_PATHS = "$(inherited) @executable_path/Frameworks";
				PRODUCT_BUNDLE_IDENTIFIER = com.NextAcademy.TuitionApp;
				PRODUCT_NAME = "$(TARGET_NAME)";
				SWIFT_VERSION = 4.0;
				TARGETED_DEVICE_FAMILY = "1,2";
			};
			name = Release;
		};
/* End XCBuildConfiguration section */

/* Begin XCConfigurationList section */
		AABAD51820479DC20005FE5D /* Build configuration list for PBXProject "TuitionApp" */ = {
			isa = XCConfigurationList;
			buildConfigurations = (
				AABAD52D20479DC20005FE5D /* Debug */,
				AABAD52E20479DC20005FE5D /* Release */,
			);
			defaultConfigurationIsVisible = 0;
			defaultConfigurationName = Release;
		};
		AABAD52F20479DC20005FE5D /* Build configuration list for PBXNativeTarget "TuitionApp" */ = {
			isa = XCConfigurationList;
			buildConfigurations = (
				AABAD53020479DC20005FE5D /* Debug */,
				AABAD53120479DC20005FE5D /* Release */,
			);
			defaultConfigurationIsVisible = 0;
			defaultConfigurationName = Release;
		};
/* End XCConfigurationList section */
	};
	rootObject = AABAD51520479DC20005FE5D /* Project object */;
}
